// !$*UTF8*$!
{
	archiveVersion = 1;
	classes = {
	};
	objectVersion = 51;
	objects = {

/* Begin PBXBuildFile section */
		8FE7EF242335047900320B75 /* AppDelegate.swift in Sources */ = {isa = PBXBuildFile; fileRef = 8FE7EF232335047900320B75 /* AppDelegate.swift */; };
		8FE7EF292335047900320B75 /* Main.storyboard in Resources */ = {isa = PBXBuildFile; fileRef = 8FE7EF272335047900320B75 /* Main.storyboard */; };
		8FE7EF2C2335047900320B75 /* cp7_7.xcdatamodeld in Sources */ = {isa = PBXBuildFile; fileRef = 8FE7EF2A2335047900320B75 /* cp7_7.xcdatamodeld */; };
		8FE7EF2E2335047900320B75 /* Assets.xcassets in Resources */ = {isa = PBXBuildFile; fileRef = 8FE7EF2D2335047900320B75 /* Assets.xcassets */; };
		8FE7EF312335047900320B75 /* LaunchScreen.storyboard in Resources */ = {isa = PBXBuildFile; fileRef = 8FE7EF2F2335047900320B75 /* LaunchScreen.storyboard */; };
		8FE7EF3A233504B600320B75 /* TopViewController.swift in Sources */ = {isa = PBXBuildFile; fileRef = 8FE7EF38233504B600320B75 /* TopViewController.swift */; };
		8FE7EF3B233504B600320B75 /* TopViewController.xib in Resources */ = {isa = PBXBuildFile; fileRef = 8FE7EF39233504B600320B75 /* TopViewController.xib */; };
		8FE7EF3E233505EF00320B75 /* TopMainView.swift in Sources */ = {isa = PBXBuildFile; fileRef = 8FE7EF3C233505EF00320B75 /* TopMainView.swift */; };
		8FE7EF3F233505EF00320B75 /* TopMainView.xib in Resources */ = {isa = PBXBuildFile; fileRef = 8FE7EF3D233505EF00320B75 /* TopMainView.xib */; };
		8FE7EF422335066A00320B75 /* TopMainTableViewCell.swift in Sources */ = {isa = PBXBuildFile; fileRef = 8FE7EF402335066A00320B75 /* TopMainTableViewCell.swift */; };
		8FE7EF432335066A00320B75 /* TopMainTableViewCell.xib in Resources */ = {isa = PBXBuildFile; fileRef = 8FE7EF412335066A00320B75 /* TopMainTableViewCell.xib */; };
		97CD02570DC9C759027050B3 /* Pods_cp7_7.framework in Frameworks */ = {isa = PBXBuildFile; fileRef = F7024F70B9ADFEBC1279333E /* Pods_cp7_7.framework */; };
/* End PBXBuildFile section */

/* Begin PBXFileReference section */
		3ECD24D1CF8C4BADB363BD0E /* Pods-cp7-7.release.xcconfig */ = {isa = PBXFileReference; includeInIndex = 1; lastKnownFileType = text.xcconfig; name = "Pods-cp7-7.release.xcconfig"; path = "Target Support Files/Pods-cp7-7/Pods-cp7-7.release.xcconfig"; sourceTree = "<group>"; };
		5C4809F58FE704AC6A8C4C97 /* Pods-cp7-7.debug.xcconfig */ = {isa = PBXFileReference; includeInIndex = 1; lastKnownFileType = text.xcconfig; name = "Pods-cp7-7.debug.xcconfig"; path = "Target Support Files/Pods-cp7-7/Pods-cp7-7.debug.xcconfig"; sourceTree = "<group>"; };
		8FE7EF202335047900320B75 /* cp7-7.app */ = {isa = PBXFileReference; explicitFileType = wrapper.application; includeInIndex = 0; path = "cp7-7.app"; sourceTree = BUILT_PRODUCTS_DIR; };
		8FE7EF232335047900320B75 /* AppDelegate.swift */ = {isa = PBXFileReference; lastKnownFileType = sourcecode.swift; path = AppDelegate.swift; sourceTree = "<group>"; };
		8FE7EF282335047900320B75 /* Base */ = {isa = PBXFileReference; lastKnownFileType = file.storyboard; name = Base; path = Base.lproj/Main.storyboard; sourceTree = "<group>"; };
		8FE7EF2B2335047900320B75 /* cp7_7.xcdatamodel */ = {isa = PBXFileReference; lastKnownFileType = wrapper.xcdatamodel; path = cp7_7.xcdatamodel; sourceTree = "<group>"; };
		8FE7EF2D2335047900320B75 /* Assets.xcassets */ = {isa = PBXFileReference; lastKnownFileType = folder.assetcatalog; path = Assets.xcassets; sourceTree = "<group>"; };
		8FE7EF302335047900320B75 /* Base */ = {isa = PBXFileReference; lastKnownFileType = file.storyboard; name = Base; path = Base.lproj/LaunchScreen.storyboard; sourceTree = "<group>"; };
		8FE7EF322335047900320B75 /* Info.plist */ = {isa = PBXFileReference; lastKnownFileType = text.plist.xml; path = Info.plist; sourceTree = "<group>"; };
		8FE7EF38233504B600320B75 /* TopViewController.swift */ = {isa = PBXFileReference; lastKnownFileType = sourcecode.swift; path = TopViewController.swift; sourceTree = "<group>"; };
		8FE7EF39233504B600320B75 /* TopViewController.xib */ = {isa = PBXFileReference; lastKnownFileType = file.xib; path = TopViewController.xib; sourceTree = "<group>"; };
		8FE7EF3C233505EF00320B75 /* TopMainView.swift */ = {isa = PBXFileReference; lastKnownFileType = sourcecode.swift; path = TopMainView.swift; sourceTree = "<group>"; };
		8FE7EF3D233505EF00320B75 /* TopMainView.xib */ = {isa = PBXFileReference; lastKnownFileType = file.xib; path = TopMainView.xib; sourceTree = "<group>"; };
		8FE7EF402335066A00320B75 /* TopMainTableViewCell.swift */ = {isa = PBXFileReference; lastKnownFileType = sourcecode.swift; path = TopMainTableViewCell.swift; sourceTree = "<group>"; };
		8FE7EF412335066A00320B75 /* TopMainTableViewCell.xib */ = {isa = PBXFileReference; lastKnownFileType = file.xib; path = TopMainTableViewCell.xib; sourceTree = "<group>"; };
		F7024F70B9ADFEBC1279333E /* Pods_cp7_7.framework */ = {isa = PBXFileReference; explicitFileType = wrapper.framework; includeInIndex = 0; path = Pods_cp7_7.framework; sourceTree = BUILT_PRODUCTS_DIR; };
/* End PBXFileReference section */

/* Begin PBXFrameworksBuildPhase section */
		8FE7EF1D2335047900320B75 /* Frameworks */ = {
			isa = PBXFrameworksBuildPhase;
			buildActionMask = 2147483647;
			files = (
				97CD02570DC9C759027050B3 /* Pods_cp7_7.framework in Frameworks */,
			);
			runOnlyForDeploymentPostprocessing = 0;
		};
/* End PBXFrameworksBuildPhase section */

/* Begin PBXGroup section */
		4E556FB192A90CCF69EACF83 /* Pods */ = {
			isa = PBXGroup;
			children = (
				5C4809F58FE704AC6A8C4C97 /* Pods-cp7-7.debug.xcconfig */,
				3ECD24D1CF8C4BADB363BD0E /* Pods-cp7-7.release.xcconfig */,
			);
			path = Pods;
			sourceTree = "<group>";
		};
		8FE7EF172335047900320B75 = {
			isa = PBXGroup;
			children = (
				8FE7EF222335047900320B75 /* cp7-7 */,
				8FE7EF212335047900320B75 /* Products */,
				4E556FB192A90CCF69EACF83 /* Pods */,
				F0CF030CF988084925E79930 /* Frameworks */,
			);
			sourceTree = "<group>";
		};
		8FE7EF212335047900320B75 /* Products */ = {
			isa = PBXGroup;
			children = (
				8FE7EF202335047900320B75 /* cp7-7.app */,
			);
			name = Products;
			sourceTree = "<group>";
		};
		8FE7EF222335047900320B75 /* cp7-7 */ = {
			isa = PBXGroup;
			children = (
				8FE7EF232335047900320B75 /* AppDelegate.swift */,
				8FE7EF272335047900320B75 /* Main.storyboard */,
				8FE7EF2D2335047900320B75 /* Assets.xcassets */,
				8FE7EF2F2335047900320B75 /* LaunchScreen.storyboard */,
				8FE7EF322335047900320B75 /* Info.plist */,
				8FE7EF2A2335047900320B75 /* cp7_7.xcdatamodeld */,
				8FE7EF38233504B600320B75 /* TopViewController.swift */,
				8FE7EF39233504B600320B75 /* TopViewController.xib */,
				8FE7EF3C233505EF00320B75 /* TopMainView.swift */,
				8FE7EF3D233505EF00320B75 /* TopMainView.xib */,
				8FE7EF402335066A00320B75 /* TopMainTableViewCell.swift */,
				8FE7EF412335066A00320B75 /* TopMainTableViewCell.xib */,
			);
			path = "cp7-7";
			sourceTree = "<group>";
		};
		F0CF030CF988084925E79930 /* Frameworks */ = {
			isa = PBXGroup;
			children = (
				F7024F70B9ADFEBC1279333E /* Pods_cp7_7.framework */,
			);
			name = Frameworks;
			sourceTree = "<group>";
		};
/* End PBXGroup section */

/* Begin PBXNativeTarget section */
		8FE7EF1F2335047900320B75 /* cp7-7 */ = {
			isa = PBXNativeTarget;
			buildConfigurationList = 8FE7EF352335047900320B75 /* Build configuration list for PBXNativeTarget "cp7-7" */;
			buildPhases = (
				9319DE78A9F064EADCEC3BA2 /* [CP] Check Pods Manifest.lock */,
				8FE7EF1C2335047900320B75 /* Sources */,
				8FE7EF1D2335047900320B75 /* Frameworks */,
				8FE7EF1E2335047900320B75 /* Resources */,
				8C85038D1A38A88AF8A61901 /* [CP] Embed Pods Frameworks */,
			);
			buildRules = (
			);
			dependencies = (
			);
			name = "cp7-7";
			productName = "cp7-7";
			productReference = 8FE7EF202335047900320B75 /* cp7-7.app */;
			productType = "com.apple.product-type.application";
		};
/* End PBXNativeTarget section */

/* Begin PBXProject section */
		8FE7EF182335047900320B75 /* Project object */ = {
			isa = PBXProject;
			attributes = {
				LastSwiftUpdateCheck = 1030;
				LastUpgradeCheck = 1030;
				ORGANIZATIONNAME = "典昭酒井";
				TargetAttributes = {
					8FE7EF1F2335047900320B75 = {
						CreatedOnToolsVersion = 10.3;
					};
				};
			};
			buildConfigurationList = 8FE7EF1B2335047900320B75 /* Build configuration list for PBXProject "cp7-7" */;
			compatibilityVersion = "Xcode 9.3";
			developmentRegion = en;
			hasScannedForEncodings = 0;
			knownRegions = (
				en,
				Base,
			);
			mainGroup = 8FE7EF172335047900320B75;
			productRefGroup = 8FE7EF212335047900320B75 /* Products */;
			projectDirPath = "";
			projectRoot = "";
			targets = (
				8FE7EF1F2335047900320B75 /* cp7-7 */,
			);
		};
/* End PBXProject section */

/* Begin PBXResourcesBuildPhase section */
		8FE7EF1E2335047900320B75 /* Resources */ = {
			isa = PBXResourcesBuildPhase;
			buildActionMask = 2147483647;
			files = (
				8FE7EF3F233505EF00320B75 /* TopMainView.xib in Resources */,
				8FE7EF3B233504B600320B75 /* TopViewController.xib in Resources */,
				8FE7EF312335047900320B75 /* LaunchScreen.storyboard in Resources */,
				8FE7EF2E2335047900320B75 /* Assets.xcassets in Resources */,
				8FE7EF432335066A00320B75 /* TopMainTableViewCell.xib in Resources */,
				8FE7EF292335047900320B75 /* Main.storyboard in Resources */,
			);
			runOnlyForDeploymentPostprocessing = 0;
		};
/* End PBXResourcesBuildPhase section */

/* Begin PBXShellScriptBuildPhase section */
		8C85038D1A38A88AF8A61901 /* [CP] Embed Pods Frameworks */ = {
			isa = PBXShellScriptBuildPhase;
			buildActionMask = 2147483647;
			files = (
			);
			inputFileListPaths = (
				"${PODS_ROOT}/Target Support Files/Pods-cp7-7/Pods-cp7-7-frameworks-${CONFIGURATION}-input-files.xcfilelist",
			);
			name = "[CP] Embed Pods Frameworks";
			outputFileListPaths = (
				"${PODS_ROOT}/Target Support Files/Pods-cp7-7/Pods-cp7-7-frameworks-${CONFIGURATION}-output-files.xcfilelist",
			);
			runOnlyForDeploymentPostprocessing = 0;
			shellPath = /bin/sh;
			shellScript = "\"${PODS_ROOT}/Target Support Files/Pods-cp7-7/Pods-cp7-7-frameworks.sh\"\n";
			showEnvVarsInLog = 0;
		};
		9319DE78A9F064EADCEC3BA2 /* [CP] Check Pods Manifest.lock */ = {
			isa = PBXShellScriptBuildPhase;
			buildActionMask = 2147483647;
			files = (
			);
			inputFileListPaths = (
			);
			inputPaths = (
				"${PODS_PODFILE_DIR_PATH}/Podfile.lock",
				"${PODS_ROOT}/Manifest.lock",
			);
			name = "[CP] Check Pods Manifest.lock";
			outputFileListPaths = (
			);
			outputPaths = (
				"$(DERIVED_FILE_DIR)/Pods-cp7-7-checkManifestLockResult.txt",
			);
			runOnlyForDeploymentPostprocessing = 0;
			shellPath = /bin/sh;
			shellScript = "diff \"${PODS_PODFILE_DIR_PATH}/Podfile.lock\" \"${PODS_ROOT}/Manifest.lock\" > /dev/null\nif [ $? != 0 ] ; then\n    # print error to STDERR\n    echo \"error: The sandbox is not in sync with the Podfile.lock. Run 'pod install' or update your CocoaPods installation.\" >&2\n    exit 1\nfi\n# This output is used by Xcode 'outputs' to avoid re-running this script phase.\necho \"SUCCESS\" > \"${SCRIPT_OUTPUT_FILE_0}\"\n";
			showEnvVarsInLog = 0;
		};
/* End PBXShellScriptBuildPhase section */

/* Begin PBXSourcesBuildPhase section */
		8FE7EF1C2335047900320B75 /* Sources */ = {
			isa = PBXSourcesBuildPhase;
			buildActionMask = 2147483647;
			files = (
				8FE7EF422335066A00320B75 /* TopMainTableViewCell.swift in Sources */,
				8FE7EF3A233504B600320B75 /* TopViewController.swift in Sources */,
				8FE7EF2C2335047900320B75 /* cp7_7.xcdatamodeld in Sources */,
				8FE7EF242335047900320B75 /* AppDelegate.swift in Sources */,
				8FE7EF3E233505EF00320B75 /* TopMainView.swift in Sources */,
			);
			runOnlyForDeploymentPostprocessing = 0;
		};
/* End PBXSourcesBuildPhase section */

/* Begin PBXVariantGroup section */
		8FE7EF272335047900320B75 /* Main.storyboard */ = {
			isa = PBXVariantGroup;
			children = (
				8FE7EF282335047900320B75 /* Base */,
			);
			name = Main.storyboard;
			sourceTree = "<group>";
		};
		8FE7EF2F2335047900320B75 /* LaunchScreen.storyboard */ = {
			isa = PBXVariantGroup;
			children = (
				8FE7EF302335047900320B75 /* Base */,
			);
			name = LaunchScreen.storyboard;
			sourceTree = "<group>";
		};
/* End PBXVariantGroup section */

/* Begin XCBuildConfiguration section */
		8FE7EF332335047900320B75 /* Debug */ = {
			isa = XCBuildConfiguration;
			buildSettings = {
				ALWAYS_SEARCH_USER_PATHS = NO;
				CLANG_ANALYZER_NONNULL = YES;
				CLANG_ANALYZER_NUMBER_OBJECT_CONVERSION = YES_AGGRESSIVE;
				CLANG_CXX_LANGUAGE_STANDARD = "gnu++14";
				CLANG_CXX_LIBRARY = "libc++";
				CLANG_ENABLE_MODULES = YES;
				CLANG_ENABLE_OBJC_ARC = YES;
				CLANG_ENABLE_OBJC_WEAK = YES;
				CLANG_WARN_BLOCK_CAPTURE_AUTORELEASING = YES;
				CLANG_WARN_BOOL_CONVERSION = YES;
				CLANG_WARN_COMMA = YES;
				CLANG_WARN_CONSTANT_CONVERSION = YES;
				CLANG_WARN_DEPRECATED_OBJC_IMPLEMENTATIONS = YES;
				CLANG_WARN_DIRECT_OBJC_ISA_USAGE = YES_ERROR;
				CLANG_WARN_DOCUMENTATION_COMMENTS = YES;
				CLANG_WARN_EMPTY_BODY = YES;
				CLANG_WARN_ENUM_CONVERSION = YES;
				CLANG_WARN_INFINITE_RECURSION = YES;
				CLANG_WARN_INT_CONVERSION = YES;
				CLANG_WARN_NON_LITERAL_NULL_CONVERSION = YES;
				CLANG_WARN_OBJC_IMPLICIT_RETAIN_SELF = YES;
				CLANG_WARN_OBJC_LITERAL_CONVERSION = YES;
				CLANG_WARN_OBJC_ROOT_CLASS = YES_ERROR;
				CLANG_WARN_RANGE_LOOP_ANALYSIS = YES;
				CLANG_WARN_STRICT_PROTOTYPES = YES;
				CLANG_WARN_SUSPICIOUS_MOVE = YES;
				CLANG_WARN_UNGUARDED_AVAILABILITY = YES_AGGRESSIVE;
				CLANG_WARN_UNREACHABLE_CODE = YES;
				CLANG_WARN__DUPLICATE_METHOD_MATCH = YES;
				CODE_SIGN_IDENTITY = "iPhone Developer";
				COPY_PHASE_STRIP = NO;
				DEBUG_INFORMATION_FORMAT = dwarf;
				ENABLE_STRICT_OBJC_MSGSEND = YES;
				ENABLE_TESTABILITY = YES;
				GCC_C_LANGUAGE_STANDARD = gnu11;
				GCC_DYNAMIC_NO_PIC = NO;
				GCC_NO_COMMON_BLOCKS = YES;
				GCC_OPTIMIZATION_LEVEL = 0;
				GCC_PREPROCESSOR_DEFINITIONS = (
					"DEBUG=1",
					"$(inherited)",
				);
				GCC_WARN_64_TO_32_BIT_CONVERSION = YES;
				GCC_WARN_ABOUT_RETURN_TYPE = YES_ERROR;
				GCC_WARN_UNDECLARED_SELECTOR = YES;
				GCC_WARN_UNINITIALIZED_AUTOS = YES_AGGRESSIVE;
				GCC_WARN_UNUSED_FUNCTION = YES;
				GCC_WARN_UNUSED_VARIABLE = YES;
				IPHONEOS_DEPLOYMENT_TARGET = 12.4;
				MTL_ENABLE_DEBUG_INFO = INCLUDE_SOURCE;
				MTL_FAST_MATH = YES;
				ONLY_ACTIVE_ARCH = YES;
				SDKROOT = iphoneos;
				SWIFT_ACTIVE_COMPILATION_CONDITIONS = DEBUG;
				SWIFT_OPTIMIZATION_LEVEL = "-Onone";
			};
			name = Debug;
		};
		8FE7EF342335047900320B75 /* Release */ = {
			isa = XCBuildConfiguration;
			buildSettings = {
				ALWAYS_SEARCH_USER_PATHS = NO;
				CLANG_ANALYZER_NONNULL = YES;
				CLANG_ANALYZER_NUMBER_OBJECT_CONVERSION = YES_AGGRESSIVE;
				CLANG_CXX_LANGUAGE_STANDARD = "gnu++14";
				CLANG_CXX_LIBRARY = "libc++";
				CLANG_ENABLE_MODULES = YES;
				CLANG_ENABLE_OBJC_ARC = YES;
				CLANG_ENABLE_OBJC_WEAK = YES;
				CLANG_WARN_BLOCK_CAPTURE_AUTORELEASING = YES;
				CLANG_WARN_BOOL_CONVERSION = YES;
				CLANG_WARN_COMMA = YES;
				CLANG_WARN_CONSTANT_CONVERSION = YES;
				CLANG_WARN_DEPRECATED_OBJC_IMPLEMENTATIONS = YES;
				CLANG_WARN_DIRECT_OBJC_ISA_USAGE = YES_ERROR;
				CLANG_WARN_DOCUMENTATION_COMMENTS = YES;
				CLANG_WARN_EMPTY_BODY = YES;
				CLANG_WARN_ENUM_CONVERSION = YES;
				CLANG_WARN_INFINITE_RECURSION = YES;
				CLANG_WARN_INT_CONVERSION = YES;
				CLANG_WARN_NON_LITERAL_NULL_CONVERSION = YES;
				CLANG_WARN_OBJC_IMPLICIT_RETAIN_SELF = YES;
				CLANG_WARN_OBJC_LITERAL_CONVERSION = YES;
				CLANG_WARN_OBJC_ROOT_CLASS = YES_ERROR;
				CLANG_WARN_RANGE_LOOP_ANALYSIS = YES;
				CLANG_WARN_STRICT_PROTOTYPES = YES;
				CLANG_WARN_SUSPICIOUS_MOVE = YES;
				CLANG_WARN_UNGUARDED_AVAILABILITY = YES_AGGRESSIVE;
				CLANG_WARN_UNREACHABLE_CODE = YES;
				CLANG_WARN__DUPLICATE_METHOD_MATCH = YES;
				CODE_SIGN_IDENTITY = "iPhone Developer";
				COPY_PHASE_STRIP = NO;
				DEBUG_INFORMATION_FORMAT = "dwarf-with-dsym";
				ENABLE_NS_ASSERTIONS = NO;
				ENABLE_STRICT_OBJC_MSGSEND = YES;
				GCC_C_LANGUAGE_STANDARD = gnu11;
				GCC_NO_COMMON_BLOCKS = YES;
				GCC_WARN_64_TO_32_BIT_CONVERSION = YES;
				GCC_WARN_ABOUT_RETURN_TYPE = YES_ERROR;
				GCC_WARN_UNDECLARED_SELECTOR = YES;
				GCC_WARN_UNINITIALIZED_AUTOS = YES_AGGRESSIVE;
				GCC_WARN_UNUSED_FUNCTION = YES;
				GCC_WARN_UNUSED_VARIABLE = YES;
				IPHONEOS_DEPLOYMENT_TARGET = 12.4;
				MTL_ENABLE_DEBUG_INFO = NO;
				MTL_FAST_MATH = YES;
				SDKROOT = iphoneos;
				SWIFT_COMPILATION_MODE = wholemodule;
				SWIFT_OPTIMIZATION_LEVEL = "-O";
				VALIDATE_PRODUCT = YES;
			};
			name = Release;
		};
		8FE7EF362335047900320B75 /* Debug */ = {
			isa = XCBuildConfiguration;
			baseConfigurationReference = 5C4809F58FE704AC6A8C4C97 /* Pods-cp7-7.debug.xcconfig */;
			buildSettings = {
				ASSETCATALOG_COMPILER_APPICON_NAME = AppIcon;
				CODE_SIGN_STYLE = Automatic;
				DEVELOPMENT_TEAM = N42P47XR88;
				INFOPLIST_FILE = "cp7-7/Info.plist";
				LD_RUNPATH_SEARCH_PATHS = (
					"$(inherited)",
					"@executable_path/Frameworks",
				);
				PRODUCT_BUNDLE_IDENTIFIER = "com.nori.cp7-7";
				PRODUCT_NAME = "$(TARGET_NAME)";
				SWIFT_VERSION = 5.0;
				TARGETED_DEVICE_FAMILY = "1,2";
			};
			name = Debug;
		};
		8FE7EF372335047900320B75 /* Release */ = {
			isa = XCBuildConfiguration;
			baseConfigurationReference = 3ECD24D1CF8C4BADB363BD0E /* Pods-cp7-7.release.xcconfig */;
			buildSettings = {
				ASSETCATALOG_COMPILER_APPICON_NAME = AppIcon;
				CODE_SIGN_STYLE = Automatic;
				DEVELOPMENT_TEAM = N42P47XR88;
				INFOPLIST_FILE = "cp7-7/Info.plist";
				LD_RUNPATH_SEARCH_PATHS = (
					"$(inherited)",
					"@executable_path/Frameworks",
				);
				PRODUCT_BUNDLE_IDENTIFIER = "com.nori.cp7-7";
				PRODUCT_NAME = "$(TARGET_NAME)";
				SWIFT_VERSION = 5.0;
				TARGETED_DEVICE_FAMILY = "1,2";
			};
			name = Release;
		};
/* End XCBuildConfiguration section */

/* Begin XCConfigurationList section */
		8FE7EF1B2335047900320B75 /* Build configuration list for PBXProject "cp7-7" */ = {
			isa = XCConfigurationList;
			buildConfigurations = (
				8FE7EF332335047900320B75 /* Debug */,
				8FE7EF342335047900320B75 /* Release */,
			);
			defaultConfigurationIsVisible = 0;
			defaultConfigurationName = Release;
		};
		8FE7EF352335047900320B75 /* Build configuration list for PBXNativeTarget "cp7-7" */ = {
			isa = XCConfigurationList;
			buildConfigurations = (
				8FE7EF362335047900320B75 /* Debug */,
				8FE7EF372335047900320B75 /* Release */,
			);
			defaultConfigurationIsVisible = 0;
			defaultConfigurationName = Release;
		};
/* End XCConfigurationList section */

/* Begin XCVersionGroup section */
		8FE7EF2A2335047900320B75 /* cp7_7.xcdatamodeld */ = {
			isa = XCVersionGroup;
			children = (
				8FE7EF2B2335047900320B75 /* cp7_7.xcdatamodel */,
			);
			currentVersion = 8FE7EF2B2335047900320B75 /* cp7_7.xcdatamodel */;
			path = cp7_7.xcdatamodeld;
			sourceTree = "<group>";
			versionGroupType = wrapper.xcdatamodel;
		};
/* End XCVersionGroup section */
	};
	rootObject = 8FE7EF182335047900320B75 /* Project object */;
}
